
Microsoft Visual Studio Solution File, Format Version 12.00
# Visual Studio Version 17
VisualStudioVersion = 17.7.34009.444
MinimumVisualStudioVersion = 10.0.40219.1
Project("{9A19103F-16F7-4668-BE54-9A1E7A4F7556}") = "MessengerApp", "MessengerApp\MessengerApp.csproj", "{7733F2BD-1966-4A54-A0A2-471EA96F328D}"
EndProject
Project("{9A19103F-16F7-4668-BE54-9A1E7A4F7556}") = "MessengerServer", "MessengerServer\MessengerServer.csproj", "{3C70EDEF-5DBF-4AC6-B951-A3AAE606945D}"
EndProject
Global
	GlobalSection(SolutionConfigurationPlatforms) = preSolution
		Debug|Any CPU = Debug|Any CPU
		Release|Any CPU = Release|Any CPU
	EndGlobalSection
	GlobalSection(ProjectConfigurationPlatforms) = postSolution
		{7733F2BD-1966-4A54-A0A2-471EA96F328D}.Debug|Any CPU.ActiveCfg = Debug|Any CPU
		{7733F2BD-1966-4A54-A0A2-471EA96F328D}.Debug|Any CPU.Build.0 = Debug|Any CPU
		{7733F2BD-1966-4A54-A0A2-471EA96F328D}.Release|Any CPU.ActiveCfg = Release|Any CPU
		{7733F2BD-1966-4A54-A0A2-471EA96F328D}.Release|Any CPU.Build.0 = Release|Any CPU
		{3C70EDEF-5DBF-4AC6-B951-A3AAE606945D}.Debug|Any CPU.ActiveCfg = Debug|Any CPU
		{3C70EDEF-5DBF-4AC6-B951-A3AAE606945D}.Debug|Any CPU.Build.0 = Debug|Any CPU
		{3C70EDEF-5DBF-4AC6-B951-A3AAE606945D}.Release|Any CPU.ActiveCfg = Release|Any CPU
		{3C70EDEF-5DBF-4AC6-B951-A3AAE606945D}.Release|Any CPU.Build.0 = Release|Any CPU
	EndGlobalSection
	GlobalSection(SolutionProperties) = preSolution
		HideSolutionNode = FALSE
	EndGlobalSection
	GlobalSection(ExtensibilityGlobals) = postSolution
		SolutionGuid = {EF5A2123-93D8-4CE9-B188-0144A8872D75}
	EndGlobalSection
EndGlobal
